<?xml version="1.0" encoding="utf-8"?>
<Project ToolsVersion="4.0" xmlns="http://schemas.microsoft.com/developer/msbuild/2003">
  <ItemGroup>
    <FxCompile Include="ComputeShader.hlsl" />
    <FxCompile Include="DCEMPS.hlsl" />
    <FxCompile Include="deferredPS.hlsl" />
    <FxCompile Include="deferredVS.hlsl" />
    <FxCompile Include="ParticleCS.hlsl" />
    <FxCompile Include="ParticleGS.hlsl" />
    <FxCompile Include="ParticlePS.hlsl" />
    <FxCompile Include="ParticleVS.hlsl" />
    <FxCompile Include="TessellationDS.hlsl" />
    <FxCompile Include="TessellationHS.hlsl" />
  </ItemGroup>
  <ItemGroup>
    <ClCompile Include="ConstantBuffer.cpp" />
    <ClCompile Include="DCEM.cpp" />
    <ClCompile Include="DepthBuffer.cpp" />
    <ClCompile Include="IndexBuffer.cpp" />
    <ClCompile Include="LightManager.cpp" />
    <ClCompile Include="main.cpp" />
    <ClCompile Include="Mesh.cpp" />
    <ClCompile Include="ParticleBuffer.cpp" />
    <ClCompile Include="ParticleSystem.cpp" />
    <ClCompile Include="QuadTree.cpp" />
    <ClCompile Include="Renderer.cpp" />
    <ClCompile Include="Scene.cpp" />
    <ClCompile Include="SceneObject.cpp" />
    <ClCompile Include="SimpleObject.cpp" />
    <ClCompile Include="StructuredBuffer.cpp" />
    <ClCompile Include="SubMesh.cpp" />
    <ClCompile Include="VertexBuffer.cpp" />
    <ClCompile Include="WindowHandler.cpp" />
    <ClCompile Include="BaseScene.cpp" />
  </ItemGroup>
  <ItemGroup>
    <ClInclude Include="BoundingBox.hpp" />
    <ClInclude Include="Camera.hpp" />
    <ClInclude Include="ConstantBuffer.hpp" />
    <ClInclude Include="DCEM.hpp" />
    <ClInclude Include="DepthBuffer.hpp" />
    <ClInclude Include="DirectionalLight.hpp" />
    <ClInclude Include="Gbuffer.hpp" />
    <ClInclude Include="IndexBuffer.hpp" />
    <ClInclude Include="InputHandler.hpp" />
    <ClInclude Include="Light.hpp" />
    <ClInclude Include="LightManager.hpp" />
    <ClInclude Include="Mesh.hpp" />
    <ClInclude Include="MirrorObject.hpp" />
    <ClInclude Include="OBJ_Loader.h" />
    <ClInclude Include="ParticleBuffer.hpp" />
    <ClInclude Include="ParticleSystem.hpp" />
    <ClInclude Include="QuadTree.hpp" />
    <ClInclude Include="ReadFile.hpp" />
    <ClInclude Include="Renderer.hpp" />
    <ClInclude Include="Scene.hpp" />
    <ClInclude Include="SceneObject.hpp" />
    <ClInclude Include="SimpleObject.hpp" />
    <ClInclude Include="SimpleVertex.hpp" />
    <ClInclude Include="stb_image.h" />
    <ClInclude Include="StructuredBuffer.hpp" />
    <ClInclude Include="SubMesh.hpp" />
    <ClInclude Include="Transform.hpp" />
    <ClInclude Include="VertexBuffer.hpp" />
    <ClInclude Include="WindowHandler.hpp" />
    <ClInclude Include="BaseScene.hpp" />
    <ClInclude Include="testScene.hpp" />
    <ClInclude Include="MeshHandler.hpp" />
  </ItemGroup>
  <ItemGroup>
    <Image Include="slimepfp.jpg" />
  </ItemGroup>
  <ItemGroup>
    <None Include="packages.config" />
    <None Include="todo.md" />
  </ItemGroup>
</Project>