<?xml version="1.0" encoding="utf-8"?>
<Project ToolsVersion="4.0" xmlns="http://schemas.microsoft.com/developer/msbuild/2003">
  <ItemGroup>
    <FxCompile Include="ComputeShader.hlsl">
      <Filter>hlsl</Filter>
    </FxCompile>
    <FxCompile Include="DCEMPS.hlsl">
      <Filter>hlsl</Filter>
    </FxCompile>
    <FxCompile Include="deferredPS.hlsl">
      <Filter>hlsl</Filter>
    </FxCompile>
    <FxCompile Include="deferredVS.hlsl">
      <Filter>hlsl</Filter>
    </FxCompile>
    <FxCompile Include="ParticleCS.hlsl">
      <Filter>hlsl</Filter>
    </FxCompile>
    <FxCompile Include="ParticleGS.hlsl">
      <Filter>hlsl</Filter>
    </FxCompile>
    <FxCompile Include="ParticlePS.hlsl">
      <Filter>hlsl</Filter>
    </FxCompile>
    <FxCompile Include="ParticleVS.hlsl">
      <Filter>hlsl</Filter>
    </FxCompile>
    <FxCompile Include="TessellationDS.hlsl">
      <Filter>hlsl</Filter>
    </FxCompile>
    <FxCompile Include="TessellationHS.hlsl">
      <Filter>hlsl</Filter>
    </FxCompile>
  </ItemGroup>
  <ItemGroup>
    <ClCompile Include="ConstantBuffer.cpp">
      <Filter>Source\Buffers</Filter>
    </ClCompile>
    <ClCompile Include="DCEM.cpp">
      <Filter>Source\Scene</Filter>
    </ClCompile>
    <ClCompile Include="DepthBuffer.cpp">
      <Filter>Source\Buffers</Filter>
    </ClCompile>
    <ClCompile Include="IndexBuffer.cpp">
      <Filter>Source\Buffers</Filter>
    </ClCompile>
    <ClCompile Include="main.cpp">
      <Filter>Source</Filter>
    </ClCompile>
    <ClCompile Include="StructuredBuffer.cpp">
      <Filter>Source\Buffers</Filter>
    </ClCompile>
    <ClCompile Include="VertexBuffer.cpp">
      <Filter>Source\Buffers</Filter>
    </ClCompile>
    <ClCompile Include="ParticleBuffer.cpp">
      <Filter>Source\Buffers</Filter>
    </ClCompile>
    <ClCompile Include="ParticleSystem.cpp">
      <Filter>Source\Rendering</Filter>
    </ClCompile>
    <ClCompile Include="Renderer.cpp">
      <Filter>Source\Rendering</Filter>
    </ClCompile>
    <ClCompile Include="Scene.cpp">
      <Filter>Source\Scene</Filter>
    </ClCompile>
    <ClCompile Include="SceneObject.cpp">
      <Filter>Source\Scene</Filter>
    </ClCompile>
    <ClCompile Include="SubMesh.cpp">
      <Filter>Source\Rendering</Filter>
    </ClCompile>
    <ClCompile Include="WindowHandler.cpp">
      <Filter>Source\Rendering</Filter>
    </ClCompile>
    <ClCompile Include="Mesh.cpp">
      <Filter>Source\Rendering</Filter>
    </ClCompile>
    <ClCompile Include="LightManager.cpp" />
  </ItemGroup>
  <ItemGroup>
    <ClInclude Include="ConstantBuffer.hpp">
      <Filter>Headers\Buffers</Filter>
    </ClInclude>
    <ClInclude Include="DepthBuffer.hpp">
      <Filter>Headers\Buffers</Filter>
    </ClInclude>
    <ClInclude Include="DCEM.hpp">
      <Filter>Headers\Scene</Filter>
    </ClInclude>
    <ClInclude Include="Camera.hpp">
      <Filter>Headers\Scene</Filter>
    </ClInclude>
    <ClInclude Include="Gbuffer.hpp">
      <Filter>Headers\Buffers</Filter>
    </ClInclude>
    <ClInclude Include="IndexBuffer.hpp">
      <Filter>Headers\Buffers</Filter>
    </ClInclude>
    <ClInclude Include="InputHandler.hpp">
      <Filter>Headers\Scene</Filter>
    </ClInclude>
    <ClInclude Include="Light.hpp">
      <Filter>Headers\Scene</Filter>
    </ClInclude>
    <ClInclude Include="Mesh.hpp">
      <Filter>Headers\Rendering</Filter>
    </ClInclude>
    <ClInclude Include="MirrorObject.hpp">
      <Filter>Headers\Scene</Filter>
    </ClInclude>
    <ClInclude Include="OBJ_Loader.h">
      <Filter>Headers\Rendering</Filter>
    </ClInclude>
    <ClInclude Include="ParticleBuffer.hpp">
      <Filter>Headers\Buffers</Filter>
    </ClInclude>
    <ClInclude Include="ParticleSystem.hpp">
      <Filter>Headers\Rendering</Filter>
    </ClInclude>
    <ClInclude Include="ReadFile.hpp">
      <Filter>Headers\Rendering</Filter>
    </ClInclude>
    <ClInclude Include="Renderer.hpp">
      <Filter>Headers\Rendering</Filter>
    </ClInclude>
    <ClInclude Include="Scene.hpp">
      <Filter>Headers\Scene</Filter>
    </ClInclude>
    <ClInclude Include="SceneObject.hpp">
      <Filter>Headers\Scene</Filter>
    </ClInclude>
    <ClInclude Include="SimpleObject.hpp">
      <Filter>Headers\Scene</Filter>
    </ClInclude>
    <ClInclude Include="SimpleVertex.hpp">
      <Filter>Headers\Rendering</Filter>
    </ClInclude>
    <ClInclude Include="StructuredBuffer.hpp">
      <Filter>Headers\Buffers</Filter>
    </ClInclude>
    <ClInclude Include="Transform.hpp">
      <Filter>Headers\Scene</Filter>
    </ClInclude>
    <ClInclude Include="VertexBuffer.hpp">
      <Filter>Headers\Buffers</Filter>
    </ClInclude>
    <ClInclude Include="SubMesh.hpp">
      <Filter>Headers\Rendering</Filter>
    </ClInclude>
    <ClInclude Include="WindowHandler.hpp">
      <Filter>Headers\Rendering</Filter>
    </ClInclude>
    <ClInclude Include="stb_image.h">
      <Filter>Headers\Rendering</Filter>
    </ClInclude>
    <ClInclude Include="LightManager.hpp" />
    <ClInclude Include="DirectionalLight.hpp">
      <Filter>Headers\Scene</Filter>
    </ClInclude>
  </ItemGroup>
  <ItemGroup>
    <Image Include="slimepfp.jpg" />
  </ItemGroup>
  <ItemGroup>
    <None Include="packages.config" />
  </ItemGroup>
  <ItemGroup>
    <FxCompile Include="deferredPS.hlsl">
      <Filter>Source Files\Rendering\DeferredRendering</Filter>
    </FxCompile>
    <FxCompile Include="deferredVS.hlsl">
      <Filter>Source Files\Rendering\DeferredRendering</Filter>
    </FxCompile>
    <FxCompile Include="ComputeShader.hlsl">
      <Filter>Source Files\Rendering\DeferredRendering</Filter>
    </FxCompile>
    <FxCompile Include="ParticleGS.hlsl" />
    <FxCompile Include="ParticlePS.hlsl" />
    <FxCompile Include="ParticleVS.hlsl" />
    <FxCompile Include="ParticleCS.hlsl" />
  </ItemGroup>
  <ItemGroup>
    <Image Include="slimepfp.jpg">
      <Filter>Resource Files</Filter>
    </Image>
    <Filter Include="Headers">
      <UniqueIdentifier>{b7e5f711-335f-40e0-926f-0912f9df29d0}</UniqueIdentifier>
    </Filter>
    <Filter Include="Headers\Buffers">
      <UniqueIdentifier>{4577f08d-2e88-46eb-8dfd-4e51cdb25fcd}</UniqueIdentifier>
    </Filter>
    <Filter Include="Source">
      <UniqueIdentifier>{273e1c6a-5e7f-4eb4-b9e5-e43ddcbf8b73}</UniqueIdentifier>
    </Filter>
    <Filter Include="Source\Buffers">
      <UniqueIdentifier>{b5f16349-3d9c-4c5a-9d47-15dda4b27b1a}</UniqueIdentifier>
    </Filter>
    <Filter Include="Headers\Scene">
      <UniqueIdentifier>{26a1a188-0997-445e-ae7a-33b782af9495}</UniqueIdentifier>
    </Filter>
    <Filter Include="Source\Scene">
      <UniqueIdentifier>{48c747bb-6913-4bfe-b72e-e82230d7af65}</UniqueIdentifier>
    </Filter>
    <Filter Include="hlsl">
      <UniqueIdentifier>{f9b54621-1682-46d3-b3cb-15bd70305881}</UniqueIdentifier>
    </Filter>
    <Filter Include="Headers\Rendering">
      <UniqueIdentifier>{e5aa6dbf-e223-4cfc-b3cb-4b7f6def72e9}</UniqueIdentifier>
    </Filter>
    <Filter Include="Source\Rendering">
      <UniqueIdentifier>{d1d33263-745a-4f51-9108-0a0b570ec7a8}</UniqueIdentifier>
    </Filter>
  </ItemGroup>
</Project>